
Microsoft Visual Studio Solution File, Format Version 12.00
# Visual Studio 15
VisualStudioVersion = 15.0.27703.2000
MinimumVisualStudioVersion = 10.0.40219.1
Project("{FAE04EC0-301F-11D3-BF4B-00C04F79EFBC}") = "dahatakeTranslatorText", "dahatakeTranslatorText\dahatakeTranslatorText.csproj", "{3BE3081C-B4A1-420E-B285-D24081B00DAF}"
EndProject
Global
	GlobalSection(SolutionConfigurationPlatforms) = preSolution
		Debug|Any CPU = Debug|Any CPU
		Release|Any CPU = Release|Any CPU
	EndGlobalSection
	GlobalSection(ProjectConfigurationPlatforms) = postSolution
		{3BE3081C-B4A1-420E-B285-D24081B00DAF}.Debug|Any CPU.ActiveCfg = Debug|Any CPU
		{3BE3081C-B4A1-420E-B285-D24081B00DAF}.Debug|Any CPU.Build.0 = Debug|Any CPU
		{3BE3081C-B4A1-420E-B285-D24081B00DAF}.Release|Any CPU.ActiveCfg = Release|Any CPU
		{3BE3081C-B4A1-420E-B285-D24081B00DAF}.Release|Any CPU.Build.0 = Release|Any CPU
	EndGlobalSection
	GlobalSection(SolutionProperties) = preSolution
		HideSolutionNode = FALSE
	EndGlobalSection
	GlobalSection(ExtensibilityGlobals) = postSolution
		SolutionGuid = {DE486848-5504-4169-A850-E21FF359AD81}
	EndGlobalSection
EndGlobal
